
Microsoft Visual Studio Solution File, Format Version 12.00
# Visual Studio Version 17
VisualStudioVersion = 17.11.35222.181
MinimumVisualStudioVersion = 10.0.40219.1
Project("{9A19103F-16F7-4668-BE54-9A1E7A4F7556}") = "StudentServices", "StudentServices\StudentServices.csproj", "{41213BCE-1B06-43A6-BCC3-1508492D92F4}"
EndProject
Project("{D954291E-2A0B-460D-934E-DC6B0785DB48}") = "Model.Shared", "Model.Shared\Model.Shared.shproj", "{382E1D58-AB49-4812-BABC-3D49C8A89070}"
EndProject
Project("{FAE04EC0-301F-11D3-BF4B-00C04F79EFBC}") = "EnrollmentClientSide", "EnrollmentClientSide\EnrollmentClientSide.csproj", "{00DE58C6-3A4D-4270-A9A2-0A6CAE9B4FD3}"
EndProject
Global
	GlobalSection(SolutionConfigurationPlatforms) = preSolution
		Debug|Any CPU = Debug|Any CPU
		Release|Any CPU = Release|Any CPU
	EndGlobalSection
	GlobalSection(ProjectConfigurationPlatforms) = postSolution
		{41213BCE-1B06-43A6-BCC3-1508492D92F4}.Debug|Any CPU.ActiveCfg = Debug|Any CPU
		{41213BCE-1B06-43A6-BCC3-1508492D92F4}.Debug|Any CPU.Build.0 = Debug|Any CPU
		{41213BCE-1B06-43A6-BCC3-1508492D92F4}.Release|Any CPU.ActiveCfg = Release|Any CPU
		{41213BCE-1B06-43A6-BCC3-1508492D92F4}.Release|Any CPU.Build.0 = Release|Any CPU
		{00DE58C6-3A4D-4270-A9A2-0A6CAE9B4FD3}.Debug|Any CPU.ActiveCfg = Debug|Any CPU
		{00DE58C6-3A4D-4270-A9A2-0A6CAE9B4FD3}.Debug|Any CPU.Build.0 = Debug|Any CPU
		{00DE58C6-3A4D-4270-A9A2-0A6CAE9B4FD3}.Release|Any CPU.ActiveCfg = Release|Any CPU
		{00DE58C6-3A4D-4270-A9A2-0A6CAE9B4FD3}.Release|Any CPU.Build.0 = Release|Any CPU
	EndGlobalSection
	GlobalSection(SolutionProperties) = preSolution
		HideSolutionNode = FALSE
	EndGlobalSection
	GlobalSection(ExtensibilityGlobals) = postSolution
		SolutionGuid = {CE54C937-3A03-4478-93C8-C663BDBE4206}
	EndGlobalSection
	GlobalSection(SharedMSBuildProjectFiles) = preSolution
		Model.Shared\Model.Shared.projitems*{00de58c6-3a4d-4270-a9a2-0a6cae9b4fd3}*SharedItemsImports = 5
		Model.Shared\Model.Shared.projitems*{382e1d58-ab49-4812-babc-3d49c8a89070}*SharedItemsImports = 13
		Model.Shared\Model.Shared.projitems*{41213bce-1b06-43a6-bcc3-1508492d92f4}*SharedItemsImports = 5
	EndGlobalSection
EndGlobal
